
Microsoft Visual Studio Solution File, Format Version 12.00
# Visual Studio 15
VisualStudioVersion = 15.0.27703.2018
MinimumVisualStudioVersion = 10.0.40219.1
Project("{FAE04EC0-301F-11D3-BF4B-00C04F79EFBC}") = "ConsoleApp4", "ConsoleApp4\ConsoleApp4.csproj", "{BE3D60EF-86FD-4BE0-8DEA-1B1959D2CA70}"
EndProject
Global
	GlobalSection(SolutionConfigurationPlatforms) = preSolution
		Debug|Any CPU = Debug|Any CPU
		Release|Any CPU = Release|Any CPU
	EndGlobalSection
	GlobalSection(ProjectConfigurationPlatforms) = postSolution
		{BE3D60EF-86FD-4BE0-8DEA-1B1959D2CA70}.Debug|Any CPU.ActiveCfg = Debug|Any CPU
		{BE3D60EF-86FD-4BE0-8DEA-1B1959D2CA70}.Debug|Any CPU.Build.0 = Debug|Any CPU
		{BE3D60EF-86FD-4BE0-8DEA-1B1959D2CA70}.Release|Any CPU.ActiveCfg = Release|Any CPU
		{BE3D60EF-86FD-4BE0-8DEA-1B1959D2CA70}.Release|Any CPU.Build.0 = Release|Any CPU
	EndGlobalSection
	GlobalSection(SolutionProperties) = preSolution
		HideSolutionNode = FALSE
	EndGlobalSection
	GlobalSection(ExtensibilityGlobals) = postSolution
		SolutionGuid = {D5763766-EB22-49A9-BD50-B7C8A88BE116}
	EndGlobalSection
EndGlobal
